{
  "version": 4,
  "terraform_version": "1.13.5",
  "serial": 3,
  "lineage": "bb365b94-2fbf-d6e0-fa84-7182ed2f8024",
  "outputs": {},
  "resources": [
    {
      "mode": "managed",
      "type": "github_repository",
      "name": "CPS847_example_tf_repo",
      "provider": "provider[\"registry.terraform.io/integrations/github\"]",
      "instances": [
        {
          "schema_version": 1,
          "attributes": {
            "allow_auto_merge": false,
            "allow_merge_commit": true,
            "allow_rebase_merge": true,
            "allow_squash_merge": true,
            "allow_update_branch": false,
            "archive_on_destroy": null,
            "archived": false,
            "auto_init": null,
            "default_branch": "main",
            "delete_branch_on_merge": false,
            "description": "My awesome codebase",
            "etag": "W/\"fbc9d2391abd4b8d5c90a66b37585afc4550b3692b33e33d30e58be0a480ade9\"",
            "fork": false,
            "full_name": "eleanortien/CPS847_example_terraform_repo",
            "git_clone_url": "git://github.com/eleanortien/CPS847_example_terraform_repo.git",
            "gitignore_template": null,
            "has_discussions": false,
            "has_downloads": false,
            "has_issues": false,
            "has_projects": false,
            "has_wiki": false,
            "homepage_url": "",
            "html_url": "https://github.com/eleanortien/CPS847_example_terraform_repo",
            "http_clone_url": "https://github.com/eleanortien/CPS847_example_terraform_repo.git",
            "id": "CPS847_example_terraform_repo",
            "ignore_vulnerability_alerts_during_read": null,
            "is_template": false,
            "license_template": null,
            "merge_commit_message": "PR_TITLE",
            "merge_commit_title": "MERGE_MESSAGE",
            "name": "CPS847_example_terraform_repo",
            "node_id": "R_kgDOQVH_nQ",
            "pages": [],
            "primary_language": "",
            "private": false,
            "repo_id": 1095892893,
            "security_and_analysis": [
              {
                "advanced_security": [],
                "secret_scanning": [
                  {
                    "status": "enabled"
                  }
                ],
                "secret_scanning_push_protection": [
                  {
                    "status": "enabled"
                  }
                ]
              }
            ],
            "source_owner": "",
            "source_repo": "",
            "squash_merge_commit_message": "COMMIT_MESSAGES",
            "squash_merge_commit_title": "COMMIT_OR_PR_TITLE",
            "ssh_clone_url": "git@github.com:eleanortien/CPS847_example_terraform_repo.git",
            "svn_url": "https://github.com/eleanortien/CPS847_example_terraform_repo",
            "template": [],
            "topics": [],
            "visibility": "public",
            "vulnerability_alerts": false,
            "web_commit_signoff_required": false
          },
          "sensitive_attributes": [],
          "identity_schema_version": 0,
          "private": "eyJzY2hlbWFfdmVyc2lvbiI6IjEifQ=="
        }
      ]
    }
  ],
  "check_results": null
}
